
Microsoft Visual Studio Solution File, Format Version 12.00
# Visual Studio 2012
VisualStudioVersion = 12.0.21005.1
MinimumVisualStudioVersion = 10.0.40219.1
Project("{FAE04EC0-301F-11D3-BF4B-00C04F79EFBC}") = "SemaphoreTest", "SemaphoreTest\SemaphoreTest.csproj", "{0E82B4C6-28B5-4EF3-95A7-68BB52AD0270}"
EndProject
Project("{FAE04EC0-301F-11D3-BF4B-00C04F79EFBC}") = "DiningPhilosophers", "DiningPhilosophers\DiningPhilosophers.csproj", "{D8F3463B-8C0C-48BA-B250-2D1065C38046}"
EndProject
Project("{FAE04EC0-301F-11D3-BF4B-00C04F79EFBC}") = "Smokers", "Smokers\Smokers.csproj", "{C8A11B79-D9E4-4995-94F8-3281FF3110B0}"
EndProject
Project("{FAE04EC0-301F-11D3-BF4B-00C04F79EFBC}") = "TorrentCreator", "TorrentCreator\TorrentCreator.csproj", "{1575A489-D2AD-45FC-AE51-059BDD096CFF}"
EndProject
Project("{FAE04EC0-301F-11D3-BF4B-00C04F79EFBC}") = "ConcurrencyUtilities", "ConcurrencyUtilities\ConcurrencyUtilities.csproj", "{92FB8685-82B6-442F-BB17-D369DCA0B650}"
EndProject
Project("{FAE04EC0-301F-11D3-BF4B-00C04F79EFBC}") = "SleepingSanta", "SleepingSanta\SleepingSanta.csproj", "{EDAA5A01-8F00-4262-8F66-B68B72362ADE}"
EndProject
Project("{FAE04EC0-301F-11D3-BF4B-00C04F79EFBC}") = "H2O", "H2O\H2O.csproj", "{2C7B255B-EE73-44CA-BE4D-409D4F5992F4}"
EndProject
Project("{FAE04EC0-301F-11D3-BF4B-00C04F79EFBC}") = "DodgyBrothers", "DodgyBrothersATM\DodgyBrothers\DodgyBrothers.csproj", "{3F3F26AF-FA76-4BD8-AD1E-944CFB459C9E}"
EndProject
Global
	GlobalSection(SolutionConfigurationPlatforms) = preSolution
		Debug|Any CPU = Debug|Any CPU
		Release|Any CPU = Release|Any CPU
		AppStore|Any CPU = AppStore|Any CPU
	EndGlobalSection
	GlobalSection(ProjectConfigurationPlatforms) = postSolution
		{0E82B4C6-28B5-4EF3-95A7-68BB52AD0270}.AppStore|Any CPU.ActiveCfg = Debug|Any CPU
		{0E82B4C6-28B5-4EF3-95A7-68BB52AD0270}.AppStore|Any CPU.Build.0 = Debug|Any CPU
		{0E82B4C6-28B5-4EF3-95A7-68BB52AD0270}.Debug|Any CPU.ActiveCfg = Debug|Any CPU
		{0E82B4C6-28B5-4EF3-95A7-68BB52AD0270}.Debug|Any CPU.Build.0 = Debug|Any CPU
		{0E82B4C6-28B5-4EF3-95A7-68BB52AD0270}.Release|Any CPU.ActiveCfg = Release|Any CPU
		{0E82B4C6-28B5-4EF3-95A7-68BB52AD0270}.Release|Any CPU.Build.0 = Release|Any CPU
		{1575A489-D2AD-45FC-AE51-059BDD096CFF}.AppStore|Any CPU.ActiveCfg = Debug|Any CPU
		{1575A489-D2AD-45FC-AE51-059BDD096CFF}.AppStore|Any CPU.Build.0 = Debug|Any CPU
		{1575A489-D2AD-45FC-AE51-059BDD096CFF}.Debug|Any CPU.ActiveCfg = Debug|Any CPU
		{1575A489-D2AD-45FC-AE51-059BDD096CFF}.Debug|Any CPU.Build.0 = Debug|Any CPU
		{1575A489-D2AD-45FC-AE51-059BDD096CFF}.Release|Any CPU.ActiveCfg = Release|Any CPU
		{1575A489-D2AD-45FC-AE51-059BDD096CFF}.Release|Any CPU.Build.0 = Release|Any CPU
		{2C7B255B-EE73-44CA-BE4D-409D4F5992F4}.AppStore|Any CPU.ActiveCfg = Debug|Any CPU
		{2C7B255B-EE73-44CA-BE4D-409D4F5992F4}.AppStore|Any CPU.Build.0 = Debug|Any CPU
		{2C7B255B-EE73-44CA-BE4D-409D4F5992F4}.Debug|Any CPU.ActiveCfg = Debug|Any CPU
		{2C7B255B-EE73-44CA-BE4D-409D4F5992F4}.Debug|Any CPU.Build.0 = Debug|Any CPU
		{2C7B255B-EE73-44CA-BE4D-409D4F5992F4}.Release|Any CPU.ActiveCfg = Release|Any CPU
		{2C7B255B-EE73-44CA-BE4D-409D4F5992F4}.Release|Any CPU.Build.0 = Release|Any CPU
		{3F3F26AF-FA76-4BD8-AD1E-944CFB459C9E}.AppStore|Any CPU.ActiveCfg = Debug|Any CPU
		{3F3F26AF-FA76-4BD8-AD1E-944CFB459C9E}.AppStore|Any CPU.Build.0 = Debug|Any CPU
		{3F3F26AF-FA76-4BD8-AD1E-944CFB459C9E}.Debug|Any CPU.ActiveCfg = Debug|Any CPU
		{3F3F26AF-FA76-4BD8-AD1E-944CFB459C9E}.Debug|Any CPU.Build.0 = Debug|Any CPU
		{3F3F26AF-FA76-4BD8-AD1E-944CFB459C9E}.Release|Any CPU.ActiveCfg = Release|Any CPU
		{3F3F26AF-FA76-4BD8-AD1E-944CFB459C9E}.Release|Any CPU.Build.0 = Release|Any CPU
		{92FB8685-82B6-442F-BB17-D369DCA0B650}.AppStore|Any CPU.ActiveCfg = Debug|Any CPU
		{92FB8685-82B6-442F-BB17-D369DCA0B650}.AppStore|Any CPU.Build.0 = Debug|Any CPU
		{92FB8685-82B6-442F-BB17-D369DCA0B650}.Debug|Any CPU.ActiveCfg = Debug|Any CPU
		{92FB8685-82B6-442F-BB17-D369DCA0B650}.Debug|Any CPU.Build.0 = Debug|Any CPU
		{92FB8685-82B6-442F-BB17-D369DCA0B650}.Release|Any CPU.ActiveCfg = Release|Any CPU
		{92FB8685-82B6-442F-BB17-D369DCA0B650}.Release|Any CPU.Build.0 = Release|Any CPU
		{C8A11B79-D9E4-4995-94F8-3281FF3110B0}.AppStore|Any CPU.ActiveCfg = Debug|Any CPU
		{C8A11B79-D9E4-4995-94F8-3281FF3110B0}.AppStore|Any CPU.Build.0 = Debug|Any CPU
		{C8A11B79-D9E4-4995-94F8-3281FF3110B0}.Debug|Any CPU.ActiveCfg = Debug|Any CPU
		{C8A11B79-D9E4-4995-94F8-3281FF3110B0}.Debug|Any CPU.Build.0 = Debug|Any CPU
		{C8A11B79-D9E4-4995-94F8-3281FF3110B0}.Release|Any CPU.ActiveCfg = Release|Any CPU
		{C8A11B79-D9E4-4995-94F8-3281FF3110B0}.Release|Any CPU.Build.0 = Release|Any CPU
		{D8F3463B-8C0C-48BA-B250-2D1065C38046}.AppStore|Any CPU.ActiveCfg = Debug|Any CPU
		{D8F3463B-8C0C-48BA-B250-2D1065C38046}.AppStore|Any CPU.Build.0 = Debug|Any CPU
		{D8F3463B-8C0C-48BA-B250-2D1065C38046}.Debug|Any CPU.ActiveCfg = Debug|Any CPU
		{D8F3463B-8C0C-48BA-B250-2D1065C38046}.Debug|Any CPU.Build.0 = Debug|Any CPU
		{D8F3463B-8C0C-48BA-B250-2D1065C38046}.Release|Any CPU.ActiveCfg = Release|Any CPU
		{D8F3463B-8C0C-48BA-B250-2D1065C38046}.Release|Any CPU.Build.0 = Release|Any CPU
		{EDAA5A01-8F00-4262-8F66-B68B72362ADE}.AppStore|Any CPU.ActiveCfg = Debug|Any CPU
		{EDAA5A01-8F00-4262-8F66-B68B72362ADE}.AppStore|Any CPU.Build.0 = Debug|Any CPU
		{EDAA5A01-8F00-4262-8F66-B68B72362ADE}.Debug|Any CPU.ActiveCfg = Debug|Any CPU
		{EDAA5A01-8F00-4262-8F66-B68B72362ADE}.Debug|Any CPU.Build.0 = Debug|Any CPU
		{EDAA5A01-8F00-4262-8F66-B68B72362ADE}.Release|Any CPU.ActiveCfg = Release|Any CPU
		{EDAA5A01-8F00-4262-8F66-B68B72362ADE}.Release|Any CPU.Build.0 = Release|Any CPU
	EndGlobalSection
	GlobalSection(MonoDevelopProperties) = preSolution
		StartupItem = SemaphoreTest\SemaphoreTest.csproj
	EndGlobalSection
	GlobalSection(SolutionProperties) = preSolution
		HideSolutionNode = FALSE
	EndGlobalSection
EndGlobal
