
Microsoft Visual Studio Solution File, Format Version 12.00
# Visual Studio 2013
VisualStudioVersion = 12.0.21005.1
MinimumVisualStudioVersion = 10.0.40219.1
Project("{FAE04EC0-301F-11D3-BF4B-00C04F79EFBC}") = "ConcurrencyUtils", "ConcurrencyUtilities\ConcurrencyUtils.csproj", "{D41547B6-D075-45B8-AF3A-29AC1BEE5E7C}"
EndProject
Project("{FAE04EC0-301F-11D3-BF4B-00C04F79EFBC}") = "SemaphoreTest", "SemaphoreTest\SemaphoreTest.csproj", "{0E82B4C6-28B5-4EF3-95A7-68BB52AD0270}"
EndProject
Project("{FAE04EC0-301F-11D3-BF4B-00C04F79EFBC}") = "DiningPhilosophers", "DiningPhilosophers\DiningPhilosophers.csproj", "{D8F3463B-8C0C-48BA-B250-2D1065C38046}"
EndProject
Global
	GlobalSection(SolutionConfigurationPlatforms) = preSolution
		Debug|Any CPU = Debug|Any CPU
		Release|Any CPU = Release|Any CPU
	EndGlobalSection
	GlobalSection(ProjectConfigurationPlatforms) = postSolution
		{D41547B6-D075-45B8-AF3A-29AC1BEE5E7C}.Debug|Any CPU.ActiveCfg = Debug|Any CPU
		{D41547B6-D075-45B8-AF3A-29AC1BEE5E7C}.Debug|Any CPU.Build.0 = Debug|Any CPU
		{D41547B6-D075-45B8-AF3A-29AC1BEE5E7C}.Release|Any CPU.ActiveCfg = Release|Any CPU
		{D41547B6-D075-45B8-AF3A-29AC1BEE5E7C}.Release|Any CPU.Build.0 = Release|Any CPU
		{0E82B4C6-28B5-4EF3-95A7-68BB52AD0270}.Debug|Any CPU.ActiveCfg = Debug|Any CPU
		{0E82B4C6-28B5-4EF3-95A7-68BB52AD0270}.Debug|Any CPU.Build.0 = Debug|Any CPU
		{0E82B4C6-28B5-4EF3-95A7-68BB52AD0270}.Release|Any CPU.ActiveCfg = Release|Any CPU
		{0E82B4C6-28B5-4EF3-95A7-68BB52AD0270}.Release|Any CPU.Build.0 = Release|Any CPU
		{D8F3463B-8C0C-48BA-B250-2D1065C38046}.Debug|Any CPU.ActiveCfg = Debug|Any CPU
		{D8F3463B-8C0C-48BA-B250-2D1065C38046}.Debug|Any CPU.Build.0 = Debug|Any CPU
		{D8F3463B-8C0C-48BA-B250-2D1065C38046}.Release|Any CPU.ActiveCfg = Release|Any CPU
		{D8F3463B-8C0C-48BA-B250-2D1065C38046}.Release|Any CPU.Build.0 = Release|Any CPU
	EndGlobalSection
	GlobalSection(SolutionProperties) = preSolution
		HideSolutionNode = FALSE
	EndGlobalSection
EndGlobal
